{
  "name": "applepay",
  "version": "1.0.0",
  "lockfileVersion": 1,
  "requires": true,
  "dependencies": {
    "apple-pay-decrypt": {
      "version": "1.0.8",
      "resolved": "https://registry.npmjs.org/apple-pay-decrypt/-/apple-pay-decrypt-1.0.8.tgz",
      "integrity": "sha512-8Abcj5dWDCof93006Kud7GGyFh5JUTmmA5che+K1JvHSaF1CJ1QNpOZQfSR5btWJSY32JcuX8TB8zsLBO2AyjA==",
      "requires": {
        "ec-key": "0.0.2",
        "node-forge": "^0.8.0",
        "x509": "^0.3.4"
      }
    },
    "asn1.js": {
      "version": "1.0.6",
      "resolved": "https://registry.npmjs.org/asn1.js/-/asn1.js-1.0.6.tgz",
      "integrity": "sha1-9DrnMISV4XvTlfjAP6QA/vck2iQ=",
      "requires": {
        "bn.js": "^2.0.0",
        "inherits": "^2.0.1",
        "minimalistic-assert": "^1.0.0"
      }
    },
    "bn.js": {
      "version": "2.2.0",
      "resolved": "https://registry.npmjs.org/bn.js/-/bn.js-2.2.0.tgz",
      "integrity": "sha1-EhYrwq5x/EClYmwzQ486h1zTdiU=",
      "optional": true
    },
    "ec-key": {
      "version": "0.0.2",
      "resolved": "https://registry.npmjs.org/ec-key/-/ec-key-0.0.2.tgz",
      "integrity": "sha1-UAUq6WGr1vGHEMI1qH80mnJGgYk=",
      "requires": {
        "asn1.js": "^1.0.4"
      }
    },
    "inherits": {
      "version": "2.0.4",
      "resolved": "https://registry.npmjs.org/inherits/-/inherits-2.0.4.tgz",
      "integrity": "sha512-k/vGaX4/Yla3WzyMCvTQOXYeIHvqOKtnqBduzTHpzpQZzAskKMhZ2K+EnBiSM9zGSoIFeMpXKxa4dYeZIQqewQ=="
    },
    "minimalistic-assert": {
      "version": "1.0.1",
      "resolved": "https://registry.npmjs.org/minimalistic-assert/-/minimalistic-assert-1.0.1.tgz",
      "integrity": "sha512-UtJcAD4yEaGtjPezWuO9wC4nwUnVH/8/Im3yEHQP4b67cXlD/Qr9hdITCU1xDbSEXg2XKNaP8jsReV7vQd00/A=="
    },
    "nan": {
      "version": "2.12.0",
      "resolved": "https://registry.npmjs.org/nan/-/nan-2.12.0.tgz",
      "integrity": "sha512-zT5nC0JhbljmyEf+Z456nvm7iO7XgRV2hYxoBtPpnyp+0Q4aCoP6uWNn76v/I6k2kCYNLWqWbwBWQcjsNI/bjw=="
    },
    "node-forge": {
      "version": "0.8.5",
      "resolved": "https://registry.npmjs.org/node-forge/-/node-forge-0.8.5.tgz",
      "integrity": "sha512-vFMQIWt+J/7FLNyKouZ9TazT74PRV3wgv9UT4cRjC8BffxFbKXkgIWR42URCPSnHm/QDz6BOlb2Q0U4+VQT67Q=="
    },
    "x509": {
      "version": "0.3.4",
      "resolved": "https://registry.npmjs.org/x509/-/x509-0.3.4.tgz",
      "integrity": "sha512-in6y2bl0kGHDMG4rD4Zzu5UH/4wAIiTXNwlrVOhBCyDptQmUujDHy0O60y8Nalb/p4Y0nsIbg70amKrCyZC9Ew==",
      "requires": {
        "nan": "2.12.0"
      }
    }
  }
}
